{
    "name": "example",
    "version": "1.0.0",
    "lockfileVersion": 3,
    "requires": true,
    "packages": {
        "": {
            "name": "example",
            "version": "1.0.0",
            "license": "ISC"
        },
        "..": {
            "version": "0.5.2",
            "extraneous": true,
            "hasInstallScript": true,
            "license": "ISC",
            "dependencies": {
                "chalk": "^4.1.2",
                "chokidar": "^3.6.0",
                "commander": "^12.0.0",
                "dotenv": "^16.4.4",
                "gh-pages": "^6.0.0",
                "handlebars": "^4.7.8",
                "http-server": "^14.1.1",
                "marked": "^10.0.0",
                "moment": "^2.30.1"
            },
            "bin": {
                "jakyll": "dist/index.js"
            },
            "devDependencies": {
                "@types/chalk": "^2.2.0",
                "@types/node": "^20.11.19",
                "typescript": "^5.3.3"
            },
            "engines": {
                "node": ">=18",
                "npm": ">=8"
            }
        }
    }
}
